
Microsoft Visual Studio Solution File, Format Version 12.00
# Visual Studio 15
VisualStudioVersion = 15.0.26228.4
MinimumVisualStudioVersion = 10.0.40219.1
Project("{E24C65DC-7377-472B-9ABA-BC803B73C61A}") = "WCFDiagnostikalNexus(1)", "..\WebSites\WCFDiagnostikalNexus\", "{C9353BAF-8113-4932-81DB-5A014F5B3D3E}"
	ProjectSection(WebsiteProperties) = preProject
		TargetFrameworkMoniker = ".NETFramework,Version%3Dv4.6.1"
		ProjectReferences = "{67501af2-2209-4661-b050-b8369e54248e}|NextLevelSeven.dll;"
		Debug.AspNetCompiler.VirtualPath = "/localhost_58282"
		Debug.AspNetCompiler.PhysicalPath = "..\WebSites\WCFDiagnostikalNexus\"
		Debug.AspNetCompiler.TargetPath = "PrecompiledWeb\localhost_58282\"
		Debug.AspNetCompiler.Updateable = "true"
		Debug.AspNetCompiler.ForceOverwrite = "true"
		Debug.AspNetCompiler.FixedNames = "false"
		Debug.AspNetCompiler.Debug = "True"
		Release.AspNetCompiler.VirtualPath = "/localhost_58282"
		Release.AspNetCompiler.PhysicalPath = "..\WebSites\WCFDiagnostikalNexus\"
		Release.AspNetCompiler.TargetPath = "PrecompiledWeb\localhost_58282\"
		Release.AspNetCompiler.Updateable = "true"
		Release.AspNetCompiler.ForceOverwrite = "true"
		Release.AspNetCompiler.FixedNames = "false"
		Release.AspNetCompiler.Debug = "False"
		VWDPort = "58282"
		SlnRelativePath = "..\WebSites\WCFDiagnostikalNexus\"
	EndProjectSection
EndProject
Project("{9A19103F-16F7-4668-BE54-9A1E7A4F7556}") = "NextLevelSeven", "..\NextLevelSeven-master\NextLevelSeven-master\NextLevelSeven-master\NextLevelSeven\NextLevelSeven.csproj", "{67501AF2-2209-4661-B050-B8369E54248E}"
EndProject
Global
	GlobalSection(SolutionConfigurationPlatforms) = preSolution
		Debug|Any CPU = Debug|Any CPU
		Release|Any CPU = Release|Any CPU
	EndGlobalSection
	GlobalSection(ProjectConfigurationPlatforms) = postSolution
		{C9353BAF-8113-4932-81DB-5A014F5B3D3E}.Debug|Any CPU.ActiveCfg = Debug|Any CPU
		{C9353BAF-8113-4932-81DB-5A014F5B3D3E}.Debug|Any CPU.Build.0 = Debug|Any CPU
		{C9353BAF-8113-4932-81DB-5A014F5B3D3E}.Release|Any CPU.ActiveCfg = Debug|Any CPU
		{C9353BAF-8113-4932-81DB-5A014F5B3D3E}.Release|Any CPU.Build.0 = Debug|Any CPU
		{67501AF2-2209-4661-B050-B8369E54248E}.Debug|Any CPU.ActiveCfg = Debug|Any CPU
		{67501AF2-2209-4661-B050-B8369E54248E}.Debug|Any CPU.Build.0 = Debug|Any CPU
		{67501AF2-2209-4661-B050-B8369E54248E}.Release|Any CPU.ActiveCfg = Release|Any CPU
		{67501AF2-2209-4661-B050-B8369E54248E}.Release|Any CPU.Build.0 = Release|Any CPU
	EndGlobalSection
	GlobalSection(SolutionProperties) = preSolution
		HideSolutionNode = FALSE
	EndGlobalSection
EndGlobal
